# This file was autogenerated by Stack.
# You should not edit this file by hand.
# For more information, please see the documentation at:
#   https://docs.haskellstack.org/en/stable/lock_files

packages: []
snapshots:
- completed:
    sha256: 32fd92ba224ce05d14c465a117f7668250053f6649d73869460b9ea4d23a99ce
    size: 513657
    url: https://raw.githubusercontent.com/commercialhaskell/stackage-snapshots/master/nightly/2023/12/28.yaml
  original: nightly-2023-12-28
