# This file was autogenerated by Stack.
# You should not edit this file by hand.
# For more information, please see the documentation at:
#   https://docs.haskellstack.org/en/stable/lock_files

packages: []
snapshots:
- completed:
    sha256: 4d83e1d937d8c847b1011e6080997b314e011c8aa6cc3b161f94654c7bd51089
    size: 554662
    url: https://raw.githubusercontent.com/commercialhaskell/stackage-snapshots/master/nightly/2022/5/3.yaml
  original: nightly-2022-05-03
